
Microsoft Visual Studio Solution File, Format Version 12.00
# Visual Studio Version 17
VisualStudioVersion = 17.0.32112.339
MinimumVisualStudioVersion = 10.0.40219.1
Project("{FAE04EC0-301F-11D3-BF4B-00C04F79EFBC}") = "Algorithem 1 cw4", "Algorithem 1 cw4\Algorithem 1 cw4.csproj", "{2FE44499-496B-4038-B820-46286CA0AB01}"
EndProject
Global
	GlobalSection(SolutionConfigurationPlatforms) = preSolution
		Debug|Any CPU = Debug|Any CPU
		Release|Any CPU = Release|Any CPU
	EndGlobalSection
	GlobalSection(ProjectConfigurationPlatforms) = postSolution
		{2FE44499-496B-4038-B820-46286CA0AB01}.Debug|Any CPU.ActiveCfg = Debug|Any CPU
		{2FE44499-496B-4038-B820-46286CA0AB01}.Debug|Any CPU.Build.0 = Debug|Any CPU
		{2FE44499-496B-4038-B820-46286CA0AB01}.Release|Any CPU.ActiveCfg = Release|Any CPU
		{2FE44499-496B-4038-B820-46286CA0AB01}.Release|Any CPU.Build.0 = Release|Any CPU
	EndGlobalSection
	GlobalSection(SolutionProperties) = preSolution
		HideSolutionNode = FALSE
	EndGlobalSection
	GlobalSection(ExtensibilityGlobals) = postSolution
		SolutionGuid = {2AB3B0F1-8435-4B05-9ECC-91E2ACCF6D49}
	EndGlobalSection
EndGlobal
